
Microsoft Visual Studio Solution File, Format Version 12.00
# Visual Studio Version 17
VisualStudioVersion = 17.9.34728.123
MinimumVisualStudioVersion = 10.0.40219.1
Project("{9A19103F-16F7-4668-BE54-9A1E7A4F7556}") = "CaseAndAnswers", "Case\CaseAndAnswers.csproj", "{AA0FAAF3-D7EF-457E-B0FB-B5B03273C370}"
EndProject
Global
	GlobalSection(SolutionConfigurationPlatforms) = preSolution
		Debug|Any CPU = Debug|Any CPU
		Release|Any CPU = Release|Any CPU
	EndGlobalSection
	GlobalSection(ProjectConfigurationPlatforms) = postSolution
		{AA0FAAF3-D7EF-457E-B0FB-B5B03273C370}.Debug|Any CPU.ActiveCfg = Debug|Any CPU
		{AA0FAAF3-D7EF-457E-B0FB-B5B03273C370}.Debug|Any CPU.Build.0 = Debug|Any CPU
		{AA0FAAF3-D7EF-457E-B0FB-B5B03273C370}.Release|Any CPU.ActiveCfg = Release|Any CPU
		{AA0FAAF3-D7EF-457E-B0FB-B5B03273C370}.Release|Any CPU.Build.0 = Release|Any CPU
	EndGlobalSection
	GlobalSection(SolutionProperties) = preSolution
		HideSolutionNode = FALSE
	EndGlobalSection
	GlobalSection(ExtensibilityGlobals) = postSolution
		SolutionGuid = {5CDE1FEA-C0C2-4FBF-AB41-C99567796452}
	EndGlobalSection
EndGlobal
